
Microsoft Visual Studio Solution File, Format Version 12.00
# Visual Studio 15
VisualStudioVersion = 15.0.28307.421
MinimumVisualStudioVersion = 10.0.40219.1
Project("{159641D6-6404-4A2A-AE62-294DE0FE8301}") = "SSISProject", "SSISProject\SSISProject.dtproj", "{6E964E9D-0AB7-468B-A27C-D0C54DC5EC62}"
EndProject
Global
	GlobalSection(SolutionConfigurationPlatforms) = preSolution
		Development|Default = Development|Default
	EndGlobalSection
	GlobalSection(ProjectConfigurationPlatforms) = postSolution
		{6E964E9D-0AB7-468B-A27C-D0C54DC5EC62}.Development|Default.ActiveCfg = Development
		{6E964E9D-0AB7-468B-A27C-D0C54DC5EC62}.Development|Default.Build.0 = Development
	EndGlobalSection
	GlobalSection(SolutionProperties) = preSolution
		HideSolutionNode = FALSE
	EndGlobalSection
	GlobalSection(ExtensibilityGlobals) = postSolution
		SolutionGuid = {970EB1CC-4D18-49B7-80B1-EC055F0C50D8}
	EndGlobalSection
EndGlobal
